
Microsoft Visual Studio Solution File, Format Version 12.00
# Visual Studio 2013
VisualStudioVersion = 12.0.21005.1
MinimumVisualStudioVersion = 10.0.40219.1
Project("{FAE04EC0-301F-11D3-BF4B-00C04F79EFBC}") = "Review-system.io", "Review-system.io\Review-system.io.csproj", "{F5B5B6E2-3607-4DD3-BEC3-4162BBDC01A1}"
EndProject
Project("{FAE04EC0-301F-11D3-BF4B-00C04F79EFBC}") = "StreamReadDemo", "StreamReadDemo\StreamReadDemo.csproj", "{F42D6ACC-6D38-4EB6-8CB1-6C678AEC8748}"
EndProject
Project("{FAE04EC0-301F-11D3-BF4B-00C04F79EFBC}") = "BufferedStream", "BufferedStream\BufferedStream.csproj", "{68A68B43-0DE0-4056-BFA5-57E221C3329A}"
EndProject
Global
	GlobalSection(SolutionConfigurationPlatforms) = preSolution
		Debug|Any CPU = Debug|Any CPU
		Release|Any CPU = Release|Any CPU
	EndGlobalSection
	GlobalSection(ProjectConfigurationPlatforms) = postSolution
		{F5B5B6E2-3607-4DD3-BEC3-4162BBDC01A1}.Debug|Any CPU.ActiveCfg = Debug|Any CPU
		{F5B5B6E2-3607-4DD3-BEC3-4162BBDC01A1}.Debug|Any CPU.Build.0 = Debug|Any CPU
		{F5B5B6E2-3607-4DD3-BEC3-4162BBDC01A1}.Release|Any CPU.ActiveCfg = Release|Any CPU
		{F5B5B6E2-3607-4DD3-BEC3-4162BBDC01A1}.Release|Any CPU.Build.0 = Release|Any CPU
		{F42D6ACC-6D38-4EB6-8CB1-6C678AEC8748}.Debug|Any CPU.ActiveCfg = Debug|Any CPU
		{F42D6ACC-6D38-4EB6-8CB1-6C678AEC8748}.Debug|Any CPU.Build.0 = Debug|Any CPU
		{F42D6ACC-6D38-4EB6-8CB1-6C678AEC8748}.Release|Any CPU.ActiveCfg = Release|Any CPU
		{F42D6ACC-6D38-4EB6-8CB1-6C678AEC8748}.Release|Any CPU.Build.0 = Release|Any CPU
		{68A68B43-0DE0-4056-BFA5-57E221C3329A}.Debug|Any CPU.ActiveCfg = Debug|Any CPU
		{68A68B43-0DE0-4056-BFA5-57E221C3329A}.Debug|Any CPU.Build.0 = Debug|Any CPU
		{68A68B43-0DE0-4056-BFA5-57E221C3329A}.Release|Any CPU.ActiveCfg = Release|Any CPU
		{68A68B43-0DE0-4056-BFA5-57E221C3329A}.Release|Any CPU.Build.0 = Release|Any CPU
	EndGlobalSection
	GlobalSection(SolutionProperties) = preSolution
		HideSolutionNode = FALSE
	EndGlobalSection
EndGlobal
